
Microsoft Visual Studio Solution File, Format Version 12.00
# Visual Studio 15
VisualStudioVersion = 15.0.28010.2016
MinimumVisualStudioVersion = 10.0.40219.1
Project("{FAE04EC0-301F-11D3-BF4B-00C04F79EFBC}") = "TheDenOrderingWebApp", "TheDenOrderingWebApp\TheDenOrderingWebApp.csproj", "{169D2EF6-5D70-4787-ABFE-7E8192AA171A}"
EndProject
Global
	GlobalSection(SolutionConfigurationPlatforms) = preSolution
		Debug|Any CPU = Debug|Any CPU
		Release|Any CPU = Release|Any CPU
	EndGlobalSection
	GlobalSection(ProjectConfigurationPlatforms) = postSolution
		{169D2EF6-5D70-4787-ABFE-7E8192AA171A}.Debug|Any CPU.ActiveCfg = Debug|Any CPU
		{169D2EF6-5D70-4787-ABFE-7E8192AA171A}.Debug|Any CPU.Build.0 = Debug|Any CPU
		{169D2EF6-5D70-4787-ABFE-7E8192AA171A}.Release|Any CPU.ActiveCfg = Release|Any CPU
		{169D2EF6-5D70-4787-ABFE-7E8192AA171A}.Release|Any CPU.Build.0 = Release|Any CPU
	EndGlobalSection
	GlobalSection(SolutionProperties) = preSolution
		HideSolutionNode = FALSE
	EndGlobalSection
	GlobalSection(ExtensibilityGlobals) = postSolution
		SolutionGuid = {75139DC8-9C1D-49B6-BD57-A217AD6406D5}
	EndGlobalSection
EndGlobal
